
Microsoft Visual Studio Solution File, Format Version 12.00
# Visual Studio Version 17
VisualStudioVersion = 17.14.36518.9 d17.14
MinimumVisualStudioVersion = 10.0.40219.1
Project("{FAE04EC0-301F-11D3-BF4B-00C04F79EFBC}") = "VentasAPPEscritorio", "VentasAPPEscritorio\VentasAPPEscritorio.csproj", "{7BB96983-368F-4337-B690-EDA146BF1B36}"
EndProject
Global
	GlobalSection(SolutionConfigurationPlatforms) = preSolution
		Debug|Any CPU = Debug|Any CPU
		Release|Any CPU = Release|Any CPU
	EndGlobalSection
	GlobalSection(ProjectConfigurationPlatforms) = postSolution
		{7BB96983-368F-4337-B690-EDA146BF1B36}.Debug|Any CPU.ActiveCfg = Debug|Any CPU
		{7BB96983-368F-4337-B690-EDA146BF1B36}.Debug|Any CPU.Build.0 = Debug|Any CPU
		{7BB96983-368F-4337-B690-EDA146BF1B36}.Release|Any CPU.ActiveCfg = Release|Any CPU
		{7BB96983-368F-4337-B690-EDA146BF1B36}.Release|Any CPU.Build.0 = Release|Any CPU
	EndGlobalSection
	GlobalSection(SolutionProperties) = preSolution
		HideSolutionNode = FALSE
	EndGlobalSection
	GlobalSection(ExtensibilityGlobals) = postSolution
		SolutionGuid = {00D63635-3E0E-4B57-8235-E5AF6ACBFB0B}
	EndGlobalSection
EndGlobal
